
Microsoft Visual Studio Solution File, Format Version 12.00
# Visual Studio Version 16
VisualStudioVersion = 16.0.30711.63
MinimumVisualStudioVersion = 10.0.40219.1
Project("{FAE04EC0-301F-11D3-BF4B-00C04F79EFBC}") = "PracticaNo1.Android", "PracticaNo1\PracticaNo1.Android\PracticaNo1.Android.csproj", "{8A984070-E38C-472E-819D-770E3C34F3B7}"
EndProject
Project("{FAE04EC0-301F-11D3-BF4B-00C04F79EFBC}") = "PracticaNo1.iOS", "PracticaNo1\PracticaNo1.iOS\PracticaNo1.iOS.csproj", "{49CEAB38-C61E-4895-926E-2B44817A632A}"
EndProject
Project("{FAE04EC0-301F-11D3-BF4B-00C04F79EFBC}") = "PracticaNo1", "PracticaNo1\PracticaNo1\PracticaNo1.csproj", "{2D5CB33B-7C84-4DD4-98B1-AE8C1CECCA56}"
EndProject
Global
	GlobalSection(SolutionConfigurationPlatforms) = preSolution
		Debug|Any CPU = Debug|Any CPU
		Debug|iPhone = Debug|iPhone
		Debug|iPhoneSimulator = Debug|iPhoneSimulator
		Release|Any CPU = Release|Any CPU
		Release|iPhone = Release|iPhone
		Release|iPhoneSimulator = Release|iPhoneSimulator
	EndGlobalSection
	GlobalSection(ProjectConfigurationPlatforms) = postSolution
		{8A984070-E38C-472E-819D-770E3C34F3B7}.Debug|Any CPU.ActiveCfg = Debug|Any CPU
		{8A984070-E38C-472E-819D-770E3C34F3B7}.Debug|Any CPU.Build.0 = Debug|Any CPU
		{8A984070-E38C-472E-819D-770E3C34F3B7}.Debug|Any CPU.Deploy.0 = Debug|Any CPU
		{8A984070-E38C-472E-819D-770E3C34F3B7}.Debug|iPhone.ActiveCfg = Debug|Any CPU
		{8A984070-E38C-472E-819D-770E3C34F3B7}.Debug|iPhone.Build.0 = Debug|Any CPU
		{8A984070-E38C-472E-819D-770E3C34F3B7}.Debug|iPhone.Deploy.0 = Debug|Any CPU
		{8A984070-E38C-472E-819D-770E3C34F3B7}.Debug|iPhoneSimulator.ActiveCfg = Debug|Any CPU
		{8A984070-E38C-472E-819D-770E3C34F3B7}.Debug|iPhoneSimulator.Build.0 = Debug|Any CPU
		{8A984070-E38C-472E-819D-770E3C34F3B7}.Debug|iPhoneSimulator.Deploy.0 = Debug|Any CPU
		{8A984070-E38C-472E-819D-770E3C34F3B7}.Release|Any CPU.ActiveCfg = Release|Any CPU
		{8A984070-E38C-472E-819D-770E3C34F3B7}.Release|Any CPU.Build.0 = Release|Any CPU
		{8A984070-E38C-472E-819D-770E3C34F3B7}.Release|Any CPU.Deploy.0 = Release|Any CPU
		{8A984070-E38C-472E-819D-770E3C34F3B7}.Release|iPhone.ActiveCfg = Release|Any CPU
		{8A984070-E38C-472E-819D-770E3C34F3B7}.Release|iPhone.Build.0 = Release|Any CPU
		{8A984070-E38C-472E-819D-770E3C34F3B7}.Release|iPhone.Deploy.0 = Release|Any CPU
		{8A984070-E38C-472E-819D-770E3C34F3B7}.Release|iPhoneSimulator.ActiveCfg = Release|Any CPU
		{8A984070-E38C-472E-819D-770E3C34F3B7}.Release|iPhoneSimulator.Build.0 = Release|Any CPU
		{8A984070-E38C-472E-819D-770E3C34F3B7}.Release|iPhoneSimulator.Deploy.0 = Release|Any CPU
		{49CEAB38-C61E-4895-926E-2B44817A632A}.Debug|Any CPU.ActiveCfg = Debug|iPhone
		{49CEAB38-C61E-4895-926E-2B44817A632A}.Debug|Any CPU.Build.0 = Debug|iPhone
		{49CEAB38-C61E-4895-926E-2B44817A632A}.Debug|Any CPU.Deploy.0 = Debug|iPhone
		{49CEAB38-C61E-4895-926E-2B44817A632A}.Debug|iPhone.ActiveCfg = Debug|iPhone
		{49CEAB38-C61E-4895-926E-2B44817A632A}.Debug|iPhone.Build.0 = Debug|iPhone
		{49CEAB38-C61E-4895-926E-2B44817A632A}.Debug|iPhone.Deploy.0 = Debug|iPhone
		{49CEAB38-C61E-4895-926E-2B44817A632A}.Debug|iPhoneSimulator.ActiveCfg = Debug|iPhoneSimulator
		{49CEAB38-C61E-4895-926E-2B44817A632A}.Debug|iPhoneSimulator.Build.0 = Debug|iPhoneSimulator
		{49CEAB38-C61E-4895-926E-2B44817A632A}.Debug|iPhoneSimulator.Deploy.0 = Debug|iPhoneSimulator
		{49CEAB38-C61E-4895-926E-2B44817A632A}.Release|Any CPU.ActiveCfg = Release|iPhoneSimulator
		{49CEAB38-C61E-4895-926E-2B44817A632A}.Release|Any CPU.Build.0 = Release|iPhoneSimulator
		{49CEAB38-C61E-4895-926E-2B44817A632A}.Release|Any CPU.Deploy.0 = Release|iPhoneSimulator
		{49CEAB38-C61E-4895-926E-2B44817A632A}.Release|iPhone.ActiveCfg = Release|iPhone
		{49CEAB38-C61E-4895-926E-2B44817A632A}.Release|iPhone.Build.0 = Release|iPhone
		{49CEAB38-C61E-4895-926E-2B44817A632A}.Release|iPhone.Deploy.0 = Release|iPhone
		{49CEAB38-C61E-4895-926E-2B44817A632A}.Release|iPhoneSimulator.ActiveCfg = Release|iPhoneSimulator
		{49CEAB38-C61E-4895-926E-2B44817A632A}.Release|iPhoneSimulator.Build.0 = Release|iPhoneSimulator
		{49CEAB38-C61E-4895-926E-2B44817A632A}.Release|iPhoneSimulator.Deploy.0 = Release|iPhoneSimulator
		{2D5CB33B-7C84-4DD4-98B1-AE8C1CECCA56}.Debug|Any CPU.ActiveCfg = Debug|Any CPU
		{2D5CB33B-7C84-4DD4-98B1-AE8C1CECCA56}.Debug|Any CPU.Build.0 = Debug|Any CPU
		{2D5CB33B-7C84-4DD4-98B1-AE8C1CECCA56}.Debug|Any CPU.Deploy.0 = Debug|Any CPU
		{2D5CB33B-7C84-4DD4-98B1-AE8C1CECCA56}.Debug|iPhone.ActiveCfg = Debug|Any CPU
		{2D5CB33B-7C84-4DD4-98B1-AE8C1CECCA56}.Debug|iPhone.Build.0 = Debug|Any CPU
		{2D5CB33B-7C84-4DD4-98B1-AE8C1CECCA56}.Debug|iPhone.Deploy.0 = Debug|Any CPU
		{2D5CB33B-7C84-4DD4-98B1-AE8C1CECCA56}.Debug|iPhoneSimulator.ActiveCfg = Debug|Any CPU
		{2D5CB33B-7C84-4DD4-98B1-AE8C1CECCA56}.Debug|iPhoneSimulator.Build.0 = Debug|Any CPU
		{2D5CB33B-7C84-4DD4-98B1-AE8C1CECCA56}.Debug|iPhoneSimulator.Deploy.0 = Debug|Any CPU
		{2D5CB33B-7C84-4DD4-98B1-AE8C1CECCA56}.Release|Any CPU.ActiveCfg = Release|Any CPU
		{2D5CB33B-7C84-4DD4-98B1-AE8C1CECCA56}.Release|Any CPU.Build.0 = Release|Any CPU
		{2D5CB33B-7C84-4DD4-98B1-AE8C1CECCA56}.Release|Any CPU.Deploy.0 = Release|Any CPU
		{2D5CB33B-7C84-4DD4-98B1-AE8C1CECCA56}.Release|iPhone.ActiveCfg = Release|Any CPU
		{2D5CB33B-7C84-4DD4-98B1-AE8C1CECCA56}.Release|iPhone.Build.0 = Release|Any CPU
		{2D5CB33B-7C84-4DD4-98B1-AE8C1CECCA56}.Release|iPhone.Deploy.0 = Release|Any CPU
		{2D5CB33B-7C84-4DD4-98B1-AE8C1CECCA56}.Release|iPhoneSimulator.ActiveCfg = Release|Any CPU
		{2D5CB33B-7C84-4DD4-98B1-AE8C1CECCA56}.Release|iPhoneSimulator.Build.0 = Release|Any CPU
		{2D5CB33B-7C84-4DD4-98B1-AE8C1CECCA56}.Release|iPhoneSimulator.Deploy.0 = Release|Any CPU
	EndGlobalSection
	GlobalSection(SolutionProperties) = preSolution
		HideSolutionNode = FALSE
	EndGlobalSection
	GlobalSection(ExtensibilityGlobals) = postSolution
		SolutionGuid = {E3040D29-F9AE-470C-A280-9814455323EF}
	EndGlobalSection
EndGlobal
